
Microsoft Visual Studio Solution File, Format Version 12.00
# Visual Studio Version 16
VisualStudioVersion = 16.0.31702.278
MinimumVisualStudioVersion = 10.0.40219.1
Project("{FAE04EC0-301F-11D3-BF4B-00C04F79EFBC}") = "Snake2", "Snake2\Snake2.csproj", "{5596FCB2-C568-468D-B54E-7A236608E0A6}"
EndProject
Global
	GlobalSection(SolutionConfigurationPlatforms) = preSolution
		Debug|Any CPU = Debug|Any CPU
		Release|Any CPU = Release|Any CPU
	EndGlobalSection
	GlobalSection(ProjectConfigurationPlatforms) = postSolution
		{5596FCB2-C568-468D-B54E-7A236608E0A6}.Debug|Any CPU.ActiveCfg = Debug|Any CPU
		{5596FCB2-C568-468D-B54E-7A236608E0A6}.Debug|Any CPU.Build.0 = Debug|Any CPU
		{5596FCB2-C568-468D-B54E-7A236608E0A6}.Release|Any CPU.ActiveCfg = Release|Any CPU
		{5596FCB2-C568-468D-B54E-7A236608E0A6}.Release|Any CPU.Build.0 = Release|Any CPU
	EndGlobalSection
	GlobalSection(SolutionProperties) = preSolution
		HideSolutionNode = FALSE
	EndGlobalSection
	GlobalSection(ExtensibilityGlobals) = postSolution
		SolutionGuid = {5A379F32-C38A-46AF-B013-3DFD196290A3}
	EndGlobalSection
EndGlobal
